# This file is automatically @generated by Poetry 1.8.4 and should not be changed by hand.

[[package]]
name = "spylls"
version = "0.1.7"
description = "Hunspell ported to pure Python"
optional = false
python-versions = ">=3.7"
files = [
    {file = "spylls-0.1.7-py2.py3-none-any.whl", hash = "sha256:0c7fa4b66615f390bd12fd37939b85934c012309fd3cce8584844c54270b7776"},
    {file = "spylls-0.1.7.tar.gz", hash = "sha256:7045892dcbd324d3685f69c5a760063e78fb839913724ce18077cf0a0c93f220"},
]

[metadata]
lock-version = "2.0"
python-versions = "^3.13"
content-hash = "6aedd9403cc27f7105de2c45242f9a71b88bd8e90c05486fee958f1da31d7c44"
